
Microsoft Visual Studio Solution File, Format Version 12.00
# Visual Studio Version 17
VisualStudioVersion = 17.11.35219.272
MinimumVisualStudioVersion = 10.0.40219.1
Project("{FAE04EC0-301F-11D3-BF4B-00C04F79EFBC}") = "MvcCv", "MvcCv\MvcCv.csproj", "{DE7955C6-3F35-4FF5-8069-314A5659F272}"
EndProject
Global
	GlobalSection(SolutionConfigurationPlatforms) = preSolution
		Debug|Any CPU = Debug|Any CPU
		Release|Any CPU = Release|Any CPU
	EndGlobalSection
	GlobalSection(ProjectConfigurationPlatforms) = postSolution
		{DE7955C6-3F35-4FF5-8069-314A5659F272}.Debug|Any CPU.ActiveCfg = Debug|Any CPU
		{DE7955C6-3F35-4FF5-8069-314A5659F272}.Debug|Any CPU.Build.0 = Debug|Any CPU
		{DE7955C6-3F35-4FF5-8069-314A5659F272}.Release|Any CPU.ActiveCfg = Release|Any CPU
		{DE7955C6-3F35-4FF5-8069-314A5659F272}.Release|Any CPU.Build.0 = Release|Any CPU
	EndGlobalSection
	GlobalSection(SolutionProperties) = preSolution
		HideSolutionNode = FALSE
	EndGlobalSection
	GlobalSection(ExtensibilityGlobals) = postSolution
		SolutionGuid = {CD735D59-BE8E-46DB-B4A2-E1A518FB7990}
	EndGlobalSection
EndGlobal
